
Microsoft Visual Studio Solution File, Format Version 12.00
# Visual Studio 15
VisualStudioVersion = 15.0.27130.2027
MinimumVisualStudioVersion = 10.0.40219.1
Project("{FAE04EC0-301F-11D3-BF4B-00C04F79EFBC}") = "Pdf extractor", "Pdf extractor.csproj", "{37B21D92-537D-46AE-8920-AAE49AF573CC}"
EndProject
Global
	GlobalSection(SolutionConfigurationPlatforms) = preSolution
		Debug|Any CPU = Debug|Any CPU
		Release|Any CPU = Release|Any CPU
	EndGlobalSection
	GlobalSection(ProjectConfigurationPlatforms) = postSolution
		{37B21D92-537D-46AE-8920-AAE49AF573CC}.Debug|Any CPU.ActiveCfg = Debug|Any CPU
		{37B21D92-537D-46AE-8920-AAE49AF573CC}.Debug|Any CPU.Build.0 = Debug|Any CPU
		{37B21D92-537D-46AE-8920-AAE49AF573CC}.Release|Any CPU.ActiveCfg = Release|Any CPU
		{37B21D92-537D-46AE-8920-AAE49AF573CC}.Release|Any CPU.Build.0 = Release|Any CPU
	EndGlobalSection
	GlobalSection(SolutionProperties) = preSolution
		HideSolutionNode = FALSE
	EndGlobalSection
	GlobalSection(ExtensibilityGlobals) = postSolution
		SolutionGuid = {A612697B-638F-4195-AC5F-83271326B049}
	EndGlobalSection
EndGlobal
